
Microsoft Visual Studio Solution File, Format Version 12.00
# Visual Studio Version 17
VisualStudioVersion = 17.3.32929.385
MinimumVisualStudioVersion = 10.0.40219.1
Project("{FAE04EC0-301F-11D3-BF4B-00C04F79EFBC}") = "HondaAppAdmin", "HondaAppAdmin\HondaAppAdmin.csproj", "{6EE6EE3B-B92C-44D4-A790-80B659919FE3}"
EndProject
Project("{FAE04EC0-301F-11D3-BF4B-00C04F79EFBC}") = "HondaAppBusiness", "HondaAppBusiness\HondaAppBusiness.csproj", "{D5614A36-7763-4577-8583-4CE784F693D8}"
EndProject
Project("{FAE04EC0-301F-11D3-BF4B-00C04F79EFBC}") = "HondaAppDomain", "HondaAppDomain\HondaAppDomain.csproj", "{EA6E9EAA-F755-44E8-A5F1-D6AB2D5F68BC}"
EndProject
Global
	GlobalSection(SolutionConfigurationPlatforms) = preSolution
		Debug|Any CPU = Debug|Any CPU
		Release|Any CPU = Release|Any CPU
	EndGlobalSection
	GlobalSection(ProjectConfigurationPlatforms) = postSolution
		{6EE6EE3B-B92C-44D4-A790-80B659919FE3}.Debug|Any CPU.ActiveCfg = Debug|Any CPU
		{6EE6EE3B-B92C-44D4-A790-80B659919FE3}.Debug|Any CPU.Build.0 = Debug|Any CPU
		{6EE6EE3B-B92C-44D4-A790-80B659919FE3}.Release|Any CPU.ActiveCfg = Release|Any CPU
		{6EE6EE3B-B92C-44D4-A790-80B659919FE3}.Release|Any CPU.Build.0 = Release|Any CPU
		{D5614A36-7763-4577-8583-4CE784F693D8}.Debug|Any CPU.ActiveCfg = Debug|Any CPU
		{D5614A36-7763-4577-8583-4CE784F693D8}.Debug|Any CPU.Build.0 = Debug|Any CPU
		{D5614A36-7763-4577-8583-4CE784F693D8}.Release|Any CPU.ActiveCfg = Release|Any CPU
		{D5614A36-7763-4577-8583-4CE784F693D8}.Release|Any CPU.Build.0 = Release|Any CPU
		{EA6E9EAA-F755-44E8-A5F1-D6AB2D5F68BC}.Debug|Any CPU.ActiveCfg = Debug|Any CPU
		{EA6E9EAA-F755-44E8-A5F1-D6AB2D5F68BC}.Debug|Any CPU.Build.0 = Debug|Any CPU
		{EA6E9EAA-F755-44E8-A5F1-D6AB2D5F68BC}.Release|Any CPU.ActiveCfg = Release|Any CPU
		{EA6E9EAA-F755-44E8-A5F1-D6AB2D5F68BC}.Release|Any CPU.Build.0 = Release|Any CPU
	EndGlobalSection
	GlobalSection(SolutionProperties) = preSolution
		HideSolutionNode = FALSE
	EndGlobalSection
	GlobalSection(ExtensibilityGlobals) = postSolution
		SolutionGuid = {DCCB7AE6-CCFE-44B8-AB3C-E48F66D6D799}
	EndGlobalSection
EndGlobal
